
Microsoft Visual Studio Solution File, Format Version 12.00
# Visual Studio Version 16
VisualStudioVersion = 16.0.31515.178
MinimumVisualStudioVersion = 10.0.40219.1
Project("{FAE04EC0-301F-11D3-BF4B-00C04F79EFBC}") = "Manager8Bia", "Manager8Bia\Manager8Bia.csproj", "{A550B39D-C20C-450A-B746-9F9D42485AD9}"
EndProject
Global
	GlobalSection(SolutionConfigurationPlatforms) = preSolution
		Debug|Any CPU = Debug|Any CPU
		Release|Any CPU = Release|Any CPU
	EndGlobalSection
	GlobalSection(ProjectConfigurationPlatforms) = postSolution
		{A550B39D-C20C-450A-B746-9F9D42485AD9}.Debug|Any CPU.ActiveCfg = Debug|Any CPU
		{A550B39D-C20C-450A-B746-9F9D42485AD9}.Debug|Any CPU.Build.0 = Debug|Any CPU
		{A550B39D-C20C-450A-B746-9F9D42485AD9}.Release|Any CPU.ActiveCfg = Release|Any CPU
		{A550B39D-C20C-450A-B746-9F9D42485AD9}.Release|Any CPU.Build.0 = Release|Any CPU
	EndGlobalSection
	GlobalSection(SolutionProperties) = preSolution
		HideSolutionNode = FALSE
	EndGlobalSection
	GlobalSection(ExtensibilityGlobals) = postSolution
		SolutionGuid = {6D18E98B-36F8-49D9-86FB-3028526BF09E}
	EndGlobalSection
EndGlobal
